// !$*UTF8*$!
{
	archiveVersion = 1;
	classes = {
	};
	objectVersion = 50;
	objects = {

/* Begin PBXBuildFile section */
		D5911BEC2371B22700356884 /* AppDelegate.swift in Sources */ = {isa = PBXBuildFile; fileRef = D5911BEB2371B22700356884 /* AppDelegate.swift */; };
		D5911BEE2371B22700356884 /* SceneDelegate.swift in Sources */ = {isa = PBXBuildFile; fileRef = D5911BED2371B22700356884 /* SceneDelegate.swift */; };
		D5911BF02371B22700356884 /* ViewController.swift in Sources */ = {isa = PBXBuildFile; fileRef = D5911BEF2371B22700356884 /* ViewController.swift */; };
		D5911BF32371B22700356884 /* Main.storyboard in Resources */ = {isa = PBXBuildFile; fileRef = D5911BF12371B22700356884 /* Main.storyboard */; };
		D5911BF52371B22800356884 /* Assets.xcassets in Resources */ = {isa = PBXBuildFile; fileRef = D5911BF42371B22800356884 /* Assets.xcassets */; };
		D5911BF82371B22800356884 /* LaunchScreen.storyboard in Resources */ = {isa = PBXBuildFile; fileRef = D5911BF62371B22800356884 /* LaunchScreen.storyboard */; };
		D5911C002371B48E00356884 /* Name.swift in Sources */ = {isa = PBXBuildFile; fileRef = D5911BFF2371B48E00356884 /* Name.swift */; };
		D5911C022371B5EF00356884 /* EnterNameVC.swift in Sources */ = {isa = PBXBuildFile; fileRef = D5911C012371B5EF00356884 /* EnterNameVC.swift */; };
		D5911C042371BCDB00356884 /* TextTableViewCell.swift in Sources */ = {isa = PBXBuildFile; fileRef = D5911C032371BCDB00356884 /* TextTableViewCell.swift */; };
/* End PBXBuildFile section */

/* Begin PBXFileReference section */
		D5911BE82371B22700356884 /* Lesson_3_1.app */ = {isa = PBXFileReference; explicitFileType = wrapper.application; includeInIndex = 0; path = Lesson_3_1.app; sourceTree = BUILT_PRODUCTS_DIR; };
		D5911BEB2371B22700356884 /* AppDelegate.swift */ = {isa = PBXFileReference; lastKnownFileType = sourcecode.swift; path = AppDelegate.swift; sourceTree = "<group>"; };
		D5911BED2371B22700356884 /* SceneDelegate.swift */ = {isa = PBXFileReference; lastKnownFileType = sourcecode.swift; path = SceneDelegate.swift; sourceTree = "<group>"; };
		D5911BEF2371B22700356884 /* ViewController.swift */ = {isa = PBXFileReference; lastKnownFileType = sourcecode.swift; path = ViewController.swift; sourceTree = "<group>"; };
		D5911BF22371B22700356884 /* Base */ = {isa = PBXFileReference; lastKnownFileType = file.storyboard; name = Base; path = Base.lproj/Main.storyboard; sourceTree = "<group>"; };
		D5911BF42371B22800356884 /* Assets.xcassets */ = {isa = PBXFileReference; lastKnownFileType = folder.assetcatalog; path = Assets.xcassets; sourceTree = "<group>"; };
		D5911BF72371B22800356884 /* Base */ = {isa = PBXFileReference; lastKnownFileType = file.storyboard; name = Base; path = Base.lproj/LaunchScreen.storyboard; sourceTree = "<group>"; };
		D5911BF92371B22800356884 /* Info.plist */ = {isa = PBXFileReference; lastKnownFileType = text.plist.xml; path = Info.plist; sourceTree = "<group>"; };
		D5911BFF2371B48E00356884 /* Name.swift */ = {isa = PBXFileReference; lastKnownFileType = sourcecode.swift; path = Name.swift; sourceTree = "<group>"; };
		D5911C012371B5EF00356884 /* EnterNameVC.swift */ = {isa = PBXFileReference; lastKnownFileType = sourcecode.swift; path = EnterNameVC.swift; sourceTree = "<group>"; };
		D5911C032371BCDB00356884 /* TextTableViewCell.swift */ = {isa = PBXFileReference; lastKnownFileType = sourcecode.swift; path = TextTableViewCell.swift; sourceTree = "<group>"; };
/* End PBXFileReference section */

/* Begin PBXFrameworksBuildPhase section */
		D5911BE52371B22700356884 /* Frameworks */ = {
			isa = PBXFrameworksBuildPhase;
			buildActionMask = 2147483647;
			files = (
			);
			runOnlyForDeploymentPostprocessing = 0;
		};
/* End PBXFrameworksBuildPhase section */

/* Begin PBXGroup section */
		D5911BDF2371B22700356884 = {
			isa = PBXGroup;
			children = (
				D5911BEA2371B22700356884 /* Lesson_3_1 */,
				D5911BE92371B22700356884 /* Products */,
			);
			sourceTree = "<group>";
		};
		D5911BE92371B22700356884 /* Products */ = {
			isa = PBXGroup;
			children = (
				D5911BE82371B22700356884 /* Lesson_3_1.app */,
			);
			name = Products;
			sourceTree = "<group>";
		};
		D5911BEA2371B22700356884 /* Lesson_3_1 */ = {
			isa = PBXGroup;
			children = (
				D5911BEB2371B22700356884 /* AppDelegate.swift */,
				D5911BED2371B22700356884 /* SceneDelegate.swift */,
				D5911BEF2371B22700356884 /* ViewController.swift */,
				D5911C012371B5EF00356884 /* EnterNameVC.swift */,
				D5911BFF2371B48E00356884 /* Name.swift */,
				D5911BF12371B22700356884 /* Main.storyboard */,
				D5911C032371BCDB00356884 /* TextTableViewCell.swift */,
				D5911BF42371B22800356884 /* Assets.xcassets */,
				D5911BF62371B22800356884 /* LaunchScreen.storyboard */,
				D5911BF92371B22800356884 /* Info.plist */,
			);
			path = Lesson_3_1;
			sourceTree = "<group>";
		};
/* End PBXGroup section */

/* Begin PBXNativeTarget section */
		D5911BE72371B22700356884 /* Lesson_3_1 */ = {
			isa = PBXNativeTarget;
			buildConfigurationList = D5911BFC2371B22800356884 /* Build configuration list for PBXNativeTarget "Lesson_3_1" */;
			buildPhases = (
				D5911BE42371B22700356884 /* Sources */,
				D5911BE52371B22700356884 /* Frameworks */,
				D5911BE62371B22700356884 /* Resources */,
			);
			buildRules = (
			);
			dependencies = (
			);
			name = Lesson_3_1;
			productName = Lesson_3_1;
			productReference = D5911BE82371B22700356884 /* Lesson_3_1.app */;
			productType = "com.apple.product-type.application";
		};
/* End PBXNativeTarget section */

/* Begin PBXProject section */
		D5911BE02371B22700356884 /* Project object */ = {
			isa = PBXProject;
			attributes = {
				LastSwiftUpdateCheck = 1100;
				LastUpgradeCheck = 1100;
				ORGANIZATIONNAME = NapoleonIT;
				TargetAttributes = {
					D5911BE72371B22700356884 = {
						CreatedOnToolsVersion = 11.0;
					};
				};
			};
			buildConfigurationList = D5911BE32371B22700356884 /* Build configuration list for PBXProject "Lesson_3_1" */;
			compatibilityVersion = "Xcode 9.3";
			developmentRegion = en;
			hasScannedForEncodings = 0;
			knownRegions = (
				en,
				Base,
			);
			mainGroup = D5911BDF2371B22700356884;
			productRefGroup = D5911BE92371B22700356884 /* Products */;
			projectDirPath = "";
			projectRoot = "";
			targets = (
				D5911BE72371B22700356884 /* Lesson_3_1 */,
			);
		};
/* End PBXProject section */

/* Begin PBXResourcesBuildPhase section */
		D5911BE62371B22700356884 /* Resources */ = {
			isa = PBXResourcesBuildPhase;
			buildActionMask = 2147483647;
			files = (
				D5911BF82371B22800356884 /* LaunchScreen.storyboard in Resources */,
				D5911BF52371B22800356884 /* Assets.xcassets in Resources */,
				D5911BF32371B22700356884 /* Main.storyboard in Resources */,
			);
			runOnlyForDeploymentPostprocessing = 0;
		};
/* End PBXResourcesBuildPhase section */

/* Begin PBXSourcesBuildPhase section */
		D5911BE42371B22700356884 /* Sources */ = {
			isa = PBXSourcesBuildPhase;
			buildActionMask = 2147483647;
			files = (
				D5911C042371BCDB00356884 /* TextTableViewCell.swift in Sources */,
				D5911C022371B5EF00356884 /* EnterNameVC.swift in Sources */,
				D5911BF02371B22700356884 /* ViewController.swift in Sources */,
				D5911BEC2371B22700356884 /* AppDelegate.swift in Sources */,
				D5911C002371B48E00356884 /* Name.swift in Sources */,
				D5911BEE2371B22700356884 /* SceneDelegate.swift in Sources */,
			);
			runOnlyForDeploymentPostprocessing = 0;
		};
/* End PBXSourcesBuildPhase section */

/* Begin PBXVariantGroup section */
		D5911BF12371B22700356884 /* Main.storyboard */ = {
			isa = PBXVariantGroup;
			children = (
				D5911BF22371B22700356884 /* Base */,
			);
			name = Main.storyboard;
			sourceTree = "<group>";
		};
		D5911BF62371B22800356884 /* LaunchScreen.storyboard */ = {
			isa = PBXVariantGroup;
			children = (
				D5911BF72371B22800356884 /* Base */,
			);
			name = LaunchScreen.storyboard;
			sourceTree = "<group>";
		};
/* End PBXVariantGroup section */

/* Begin XCBuildConfiguration section */
		D5911BFA2371B22800356884 /* Debug */ = {
			isa = XCBuildConfiguration;
			buildSettings = {
				ALWAYS_SEARCH_USER_PATHS = NO;
				CLANG_ANALYZER_NONNULL = YES;
				CLANG_ANALYZER_NUMBER_OBJECT_CONVERSION = YES_AGGRESSIVE;
				CLANG_CXX_LANGUAGE_STANDARD = "gnu++14";
				CLANG_CXX_LIBRARY = "libc++";
				CLANG_ENABLE_MODULES = YES;
				CLANG_ENABLE_OBJC_ARC = YES;
				CLANG_ENABLE_OBJC_WEAK = YES;
				CLANG_WARN_BLOCK_CAPTURE_AUTORELEASING = YES;
				CLANG_WARN_BOOL_CONVERSION = YES;
				CLANG_WARN_COMMA = YES;
				CLANG_WARN_CONSTANT_CONVERSION = YES;
				CLANG_WARN_DEPRECATED_OBJC_IMPLEMENTATIONS = YES;
				CLANG_WARN_DIRECT_OBJC_ISA_USAGE = YES_ERROR;
				CLANG_WARN_DOCUMENTATION_COMMENTS = YES;
				CLANG_WARN_EMPTY_BODY = YES;
				CLANG_WARN_ENUM_CONVERSION = YES;
				CLANG_WARN_INFINITE_RECURSION = YES;
				CLANG_WARN_INT_CONVERSION = YES;
				CLANG_WARN_NON_LITERAL_NULL_CONVERSION = YES;
				CLANG_WARN_OBJC_IMPLICIT_RETAIN_SELF = YES;
				CLANG_WARN_OBJC_LITERAL_CONVERSION = YES;
				CLANG_WARN_OBJC_ROOT_CLASS = YES_ERROR;
				CLANG_WARN_RANGE_LOOP_ANALYSIS = YES;
				CLANG_WARN_STRICT_PROTOTYPES = YES;
				CLANG_WARN_SUSPICIOUS_MOVE = YES;
				CLANG_WARN_UNGUARDED_AVAILABILITY = YES_AGGRESSIVE;
				CLANG_WARN_UNREACHABLE_CODE = YES;
				CLANG_WARN__DUPLICATE_METHOD_MATCH = YES;
				COPY_PHASE_STRIP = NO;
				DEBUG_INFORMATION_FORMAT = dwarf;
				ENABLE_STRICT_OBJC_MSGSEND = YES;
				ENABLE_TESTABILITY = YES;
				GCC_C_LANGUAGE_STANDARD = gnu11;
				GCC_DYNAMIC_NO_PIC = NO;
				GCC_NO_COMMON_BLOCKS = YES;
				GCC_OPTIMIZATION_LEVEL = 0;
				GCC_PREPROCESSOR_DEFINITIONS = (
					"DEBUG=1",
					"$(inherited)",
				);
				GCC_WARN_64_TO_32_BIT_CONVERSION = YES;
				GCC_WARN_ABOUT_RETURN_TYPE = YES_ERROR;
				GCC_WARN_UNDECLARED_SELECTOR = YES;
				GCC_WARN_UNINITIALIZED_AUTOS = YES_AGGRESSIVE;
				GCC_WARN_UNUSED_FUNCTION = YES;
				GCC_WARN_UNUSED_VARIABLE = YES;
				IPHONEOS_DEPLOYMENT_TARGET = 13.0;
				MTL_ENABLE_DEBUG_INFO = INCLUDE_SOURCE;
				MTL_FAST_MATH = YES;
				ONLY_ACTIVE_ARCH = YES;
				SDKROOT = iphoneos;
				SWIFT_ACTIVE_COMPILATION_CONDITIONS = DEBUG;
				SWIFT_OPTIMIZATION_LEVEL = "-Onone";
			};
			name = Debug;
		};
		D5911BFB2371B22800356884 /* Release */ = {
			isa = XCBuildConfiguration;
			buildSettings = {
				ALWAYS_SEARCH_USER_PATHS = NO;
				CLANG_ANALYZER_NONNULL = YES;
				CLANG_ANALYZER_NUMBER_OBJECT_CONVERSION = YES_AGGRESSIVE;
				CLANG_CXX_LANGUAGE_STANDARD = "gnu++14";
				CLANG_CXX_LIBRARY = "libc++";
				CLANG_ENABLE_MODULES = YES;
				CLANG_ENABLE_OBJC_ARC = YES;
				CLANG_ENABLE_OBJC_WEAK = YES;
				CLANG_WARN_BLOCK_CAPTURE_AUTORELEASING = YES;
				CLANG_WARN_BOOL_CONVERSION = YES;
				CLANG_WARN_COMMA = YES;
				CLANG_WARN_CONSTANT_CONVERSION = YES;
				CLANG_WARN_DEPRECATED_OBJC_IMPLEMENTATIONS = YES;
				CLANG_WARN_DIRECT_OBJC_ISA_USAGE = YES_ERROR;
				CLANG_WARN_DOCUMENTATION_COMMENTS = YES;
				CLANG_WARN_EMPTY_BODY = YES;
				CLANG_WARN_ENUM_CONVERSION = YES;
				CLANG_WARN_INFINITE_RECURSION = YES;
				CLANG_WARN_INT_CONVERSION = YES;
				CLANG_WARN_NON_LITERAL_NULL_CONVERSION = YES;
				CLANG_WARN_OBJC_IMPLICIT_RETAIN_SELF = YES;
				CLANG_WARN_OBJC_LITERAL_CONVERSION = YES;
				CLANG_WARN_OBJC_ROOT_CLASS = YES_ERROR;
				CLANG_WARN_RANGE_LOOP_ANALYSIS = YES;
				CLANG_WARN_STRICT_PROTOTYPES = YES;
				CLANG_WARN_SUSPICIOUS_MOVE = YES;
				CLANG_WARN_UNGUARDED_AVAILABILITY = YES_AGGRESSIVE;
				CLANG_WARN_UNREACHABLE_CODE = YES;
				CLANG_WARN__DUPLICATE_METHOD_MATCH = YES;
				COPY_PHASE_STRIP = NO;
				DEBUG_INFORMATION_FORMAT = "dwarf-with-dsym";
				ENABLE_NS_ASSERTIONS = NO;
				ENABLE_STRICT_OBJC_MSGSEND = YES;
				GCC_C_LANGUAGE_STANDARD = gnu11;
				GCC_NO_COMMON_BLOCKS = YES;
				GCC_WARN_64_TO_32_BIT_CONVERSION = YES;
				GCC_WARN_ABOUT_RETURN_TYPE = YES_ERROR;
				GCC_WARN_UNDECLARED_SELECTOR = YES;
				GCC_WARN_UNINITIALIZED_AUTOS = YES_AGGRESSIVE;
				GCC_WARN_UNUSED_FUNCTION = YES;
				GCC_WARN_UNUSED_VARIABLE = YES;
				IPHONEOS_DEPLOYMENT_TARGET = 13.0;
				MTL_ENABLE_DEBUG_INFO = NO;
				MTL_FAST_MATH = YES;
				SDKROOT = iphoneos;
				SWIFT_COMPILATION_MODE = wholemodule;
				SWIFT_OPTIMIZATION_LEVEL = "-O";
				VALIDATE_PRODUCT = YES;
			};
			name = Release;
		};
		D5911BFD2371B22800356884 /* Debug */ = {
			isa = XCBuildConfiguration;
			buildSettings = {
				ASSETCATALOG_COMPILER_APPICON_NAME = AppIcon;
				CODE_SIGN_STYLE = Automatic;
				DEVELOPMENT_TEAM = 6FX8BJP23C;
				INFOPLIST_FILE = Lesson_3_1/Info.plist;
				LD_RUNPATH_SEARCH_PATHS = (
					"$(inherited)",
					"@executable_path/Frameworks",
				);
				PRODUCT_BUNDLE_IDENTIFIER = "ru.twincorp.Lesson-3-1";
				PRODUCT_NAME = "$(TARGET_NAME)";
				SWIFT_VERSION = 5.0;
				TARGETED_DEVICE_FAMILY = "1,2";
			};
			name = Debug;
		};
		D5911BFE2371B22800356884 /* Release */ = {
			isa = XCBuildConfiguration;
			buildSettings = {
				ASSETCATALOG_COMPILER_APPICON_NAME = AppIcon;
				CODE_SIGN_STYLE = Automatic;
				DEVELOPMENT_TEAM = 6FX8BJP23C;
				INFOPLIST_FILE = Lesson_3_1/Info.plist;
				LD_RUNPATH_SEARCH_PATHS = (
					"$(inherited)",
					"@executable_path/Frameworks",
				);
				PRODUCT_BUNDLE_IDENTIFIER = "ru.twincorp.Lesson-3-1";
				PRODUCT_NAME = "$(TARGET_NAME)";
				SWIFT_VERSION = 5.0;
				TARGETED_DEVICE_FAMILY = "1,2";
			};
			name = Release;
		};
/* End XCBuildConfiguration section */

/* Begin XCConfigurationList section */
		D5911BE32371B22700356884 /* Build configuration list for PBXProject "Lesson_3_1" */ = {
			isa = XCConfigurationList;
			buildConfigurations = (
				D5911BFA2371B22800356884 /* Debug */,
				D5911BFB2371B22800356884 /* Release */,
			);
			defaultConfigurationIsVisible = 0;
			defaultConfigurationName = Release;
		};
		D5911BFC2371B22800356884 /* Build configuration list for PBXNativeTarget "Lesson_3_1" */ = {
			isa = XCConfigurationList;
			buildConfigurations = (
				D5911BFD2371B22800356884 /* Debug */,
				D5911BFE2371B22800356884 /* Release */,
			);
			defaultConfigurationIsVisible = 0;
			defaultConfigurationName = Release;
		};
/* End XCConfigurationList section */
	};
	rootObject = D5911BE02371B22700356884 /* Project object */;
}
